<?xml version="1.0" encoding="utf-8"?>
<Project ToolsVersion="4.0" xmlns="http://schemas.microsoft.com/developer/msbuild/2003">
  <ItemGroup>
    <Filter Include="Source Files">
      <UniqueIdentifier>{4FC737F1-C7A5-4376-A066-2A32D752A2FF}</UniqueIdentifier>
      <Extensions>cpp;c;cc;cxx;c++;cppm;ixx;def;odl;idl;hpj;bat;asm;asmx</Extensions>
    </Filter>
    <Filter Include="Header Files">
      <UniqueIdentifier>{93995380-89BD-4b04-88EB-625FBE52EBFB}</UniqueIdentifier>
      <Extensions>h;hh;hpp;hxx;h++;hm;inl;inc;ipp;xsd</Extensions>
    </Filter>
    <Filter Include="Resource Files">
      <UniqueIdentifier>{67DA6AB6-F800-4c08-8B7A-83BB121AAD01}</UniqueIdentifier>
      <Extensions>rc;ico;cur;bmp;dlg;rc2;rct;bin;rgs;gif;jpg;jpeg;jpe;resx;tiff;tif;png;wav;mfcribbon-ms</Extensions>
    </Filter>
  </ItemGroup>
  <ItemGroup>
    <ClInclude Include="insmeshaabb.h">
      <Filter>Header Files</Filter>
    </ClInclude>
    <ClInclude Include="insmeshadjacency.h">
      <Filter>Header Files</Filter>
    </ClInclude>
    <ClInclude Include="insmeshbvh.h">
      <Filter>Header Files</Filter>
    </ClInclude>
    <ClInclude Include="insmeshcleanup.h">
      <Filter>Header Files</Filter>
    </ClInclude>
    <ClInclude Include="insmeshcomm.h">
      <Filter>Header Files</Filter>
    </ClInclude>
    <ClInclude Include="insmeshDirectEdge.h">
      <Filter>Header Files</Filter>
    </ClInclude>
    <ClInclude Include="insmeshextract.h">
      <Filter>Header Files</Filter>
    </ClInclude>
    <ClInclude Include="insmeshhierarchy.h">
      <Filter>Header Files</Filter>
    </ClInclude>
    <ClInclude Include="insmeshIO.h">
      <Filter>Header Files</Filter>
    </ClInclude>
    <ClInclude Include="insmeshnorm.h">
      <Filter>Header Files</Filter>
    </ClInclude>
    <ClInclude Include="insmeshreorder.h">
      <Filter>Header Files</Filter>
    </ClInclude>
    <ClInclude Include="insmeshserializer.h">
      <Filter>Header Files</Filter>
    </ClInclude>
    <ClInclude Include="insmeshstate.h">
      <Filter>Header Files</Filter>
    </ClInclude>
    <ClInclude Include="insmeshsubdivide.h">
      <Filter>Header Files</Filter>
    </ClInclude>
    <ClInclude Include="insmodfield.h">
      <Filter>Header Files</Filter>
    </ClInclude>
    <ClInclude Include="isnmeshdisjointset.h">
      <Filter>Header Files</Filter>
    </ClInclude>
    <ClInclude Include="parallel_stable_sort.h">
      <Filter>Header Files</Filter>
    </ClInclude>
    <ClInclude Include="pcg32.h">
      <Filter>Header Files</Filter>
    </ClInclude>
    <ClInclude Include="pss_common.h">
      <Filter>Header Files</Filter>
    </ClInclude>
    <ClInclude Include="rply.h">
      <Filter>Header Files</Filter>
    </ClInclude>
  </ItemGroup>
  <ItemGroup>
    <ClCompile Include="rply.c">
      <Filter>Source Files</Filter>
    </ClCompile>
    <ClCompile Include="insmeshadjacency.cpp">
      <Filter>Source Files</Filter>
    </ClCompile>
    <ClCompile Include="insmeshbvh.cpp">
      <Filter>Source Files</Filter>
    </ClCompile>
    <ClCompile Include="insmeshcleanup.cpp">
      <Filter>Source Files</Filter>
    </ClCompile>
    <ClCompile Include="insmeshDirectEdge.cpp">
      <Filter>Source Files</Filter>
    </ClCompile>
    <ClCompile Include="insmeshextract.cpp">
      <Filter>Source Files</Filter>
    </ClCompile>
    <ClCompile Include="insmeshhierarchy.cpp">
      <Filter>Source Files</Filter>
    </ClCompile>
    <ClCompile Include="insmeshIO.cpp">
      <Filter>Source Files</Filter>
    </ClCompile>
    <ClCompile Include="insmeshMain.cpp">
      <Filter>Source Files</Filter>
    </ClCompile>
    <ClCompile Include="insmeshnorm.cpp">
      <Filter>Source Files</Filter>
    </ClCompile>
    <ClCompile Include="insmeshreorder.cpp">
      <Filter>Source Files</Filter>
    </ClCompile>
    <ClCompile Include="insmeshstate.cpp">
      <Filter>Source Files</Filter>
    </ClCompile>
    <ClCompile Include="insmeshsubdivide.cpp">
      <Filter>Source Files</Filter>
    </ClCompile>
    <ClCompile Include="insmodfield.cpp">
      <Filter>Source Files</Filter>
    </ClCompile>
  </ItemGroup>
</Project>